
Microsoft Visual Studio Solution File, Format Version 12.00
# Visual Studio Version 17
VisualStudioVersion = 17.7.34003.232
MinimumVisualStudioVersion = 10.0.40219.1
Project("{FAE04EC0-301F-11D3-BF4B-00C04F79EFBC}") = "WebApplication1", "WebApplication1\WebApplication1.csproj", "{D27B2EA4-57E8-45AB-8847-741F45D62F94}"
EndProject
Project("{FAE04EC0-301F-11D3-BF4B-00C04F79EFBC}") = "FirstClassLib", "FirstClassLib\FirstClassLib.csproj", "{2AB398B2-6B89-4D0F-871B-AD77C9569FFD}"
EndProject
Project("{9A19103F-16F7-4668-BE54-9A1E7A4F7556}") = "SecondClassLib", "SecondClassLib\SecondClassLib.csproj", "{54B9079F-057B-4001-97E7-32D92721E740}"
EndProject
Global
	GlobalSection(SolutionConfigurationPlatforms) = preSolution
		Debug|Any CPU = Debug|Any CPU
		Release|Any CPU = Release|Any CPU
	EndGlobalSection
	GlobalSection(ProjectConfigurationPlatforms) = postSolution
		{D27B2EA4-57E8-45AB-8847-741F45D62F94}.Debug|Any CPU.ActiveCfg = Debug|Any CPU
		{D27B2EA4-57E8-45AB-8847-741F45D62F94}.Debug|Any CPU.Build.0 = Debug|Any CPU
		{D27B2EA4-57E8-45AB-8847-741F45D62F94}.Release|Any CPU.ActiveCfg = Release|Any CPU
		{D27B2EA4-57E8-45AB-8847-741F45D62F94}.Release|Any CPU.Build.0 = Release|Any CPU
		{2AB398B2-6B89-4D0F-871B-AD77C9569FFD}.Debug|Any CPU.ActiveCfg = Debug|Any CPU
		{2AB398B2-6B89-4D0F-871B-AD77C9569FFD}.Debug|Any CPU.Build.0 = Debug|Any CPU
		{2AB398B2-6B89-4D0F-871B-AD77C9569FFD}.Release|Any CPU.ActiveCfg = Release|Any CPU
		{2AB398B2-6B89-4D0F-871B-AD77C9569FFD}.Release|Any CPU.Build.0 = Release|Any CPU
		{54B9079F-057B-4001-97E7-32D92721E740}.Debug|Any CPU.ActiveCfg = Debug|Any CPU
		{54B9079F-057B-4001-97E7-32D92721E740}.Debug|Any CPU.Build.0 = Debug|Any CPU
		{54B9079F-057B-4001-97E7-32D92721E740}.Release|Any CPU.ActiveCfg = Release|Any CPU
		{54B9079F-057B-4001-97E7-32D92721E740}.Release|Any CPU.Build.0 = Release|Any CPU
	EndGlobalSection
	GlobalSection(SolutionProperties) = preSolution
		HideSolutionNode = FALSE
	EndGlobalSection
	GlobalSection(ExtensibilityGlobals) = postSolution
		SolutionGuid = {E71AD3C2-0147-4F17-91B3-C347B8342B8F}
	EndGlobalSection
EndGlobal
